
Microsoft Visual Studio Solution File, Format Version 12.00
# Visual Studio 15
VisualStudioVersion = 15.0.27703.2000
MinimumVisualStudioVersion = 10.0.40219.1
Project("{FAE04EC0-301F-11D3-BF4B-00C04F79EFBC}") = "TravelOOP", "TravelOOP\TravelOOP.csproj", "{74CA3C61-8F59-4F87-91EB-A3F42BF8DEB7}"
EndProject
Project("{FAE04EC0-301F-11D3-BF4B-00C04F79EFBC}") = "TravelOOP.Tests", "TravelOOP.Tests\TravelOOP.Tests.csproj", "{C43294FE-3578-47EE-B687-F8D1C0033A12}"
EndProject
Global
	GlobalSection(SolutionConfigurationPlatforms) = preSolution
		Debug|Any CPU = Debug|Any CPU
		Release|Any CPU = Release|Any CPU
	EndGlobalSection
	GlobalSection(ProjectConfigurationPlatforms) = postSolution
		{74CA3C61-8F59-4F87-91EB-A3F42BF8DEB7}.Debug|Any CPU.ActiveCfg = Debug|Any CPU
		{74CA3C61-8F59-4F87-91EB-A3F42BF8DEB7}.Debug|Any CPU.Build.0 = Debug|Any CPU
		{74CA3C61-8F59-4F87-91EB-A3F42BF8DEB7}.Release|Any CPU.ActiveCfg = Release|Any CPU
		{74CA3C61-8F59-4F87-91EB-A3F42BF8DEB7}.Release|Any CPU.Build.0 = Release|Any CPU
		{C43294FE-3578-47EE-B687-F8D1C0033A12}.Debug|Any CPU.ActiveCfg = Debug|Any CPU
		{C43294FE-3578-47EE-B687-F8D1C0033A12}.Debug|Any CPU.Build.0 = Debug|Any CPU
		{C43294FE-3578-47EE-B687-F8D1C0033A12}.Release|Any CPU.ActiveCfg = Release|Any CPU
		{C43294FE-3578-47EE-B687-F8D1C0033A12}.Release|Any CPU.Build.0 = Release|Any CPU
	EndGlobalSection
	GlobalSection(SolutionProperties) = preSolution
		HideSolutionNode = FALSE
	EndGlobalSection
	GlobalSection(ExtensibilityGlobals) = postSolution
		SolutionGuid = {4E65CBB6-D53A-480F-9EBD-D22C22CF439A}
	EndGlobalSection
EndGlobal
